// !$*UTF8*$!
{
	archiveVersion = 1;
	classes = {
	};
	objectVersion = 46;
	objects = {

/* Begin PBXBuildFile section */
		4C0EBB07A3220E2BA2066464 /* libPods-BaseKit.a in Frameworks */ = {isa = PBXBuildFile; fileRef = 9032EF4749E2AB07AF72BD98 /* libPods-BaseKit.a */; };
		FF0FD1071E20E2E30059BD18 /* main.m in Sources */ = {isa = PBXBuildFile; fileRef = FF0FD1061E20E2E30059BD18 /* main.m */; };
		FF0FD10A1E20E2E30059BD18 /* AppDelegate.m in Sources */ = {isa = PBXBuildFile; fileRef = FF0FD1091E20E2E30059BD18 /* AppDelegate.m */; };
		FF0FD10D1E20E2E30059BD18 /* ViewController.m in Sources */ = {isa = PBXBuildFile; fileRef = FF0FD10C1E20E2E30059BD18 /* ViewController.m */; };
		FF0FD1101E20E2E30059BD18 /* Main.storyboard in Resources */ = {isa = PBXBuildFile; fileRef = FF0FD10E1E20E2E30059BD18 /* Main.storyboard */; };
		FF0FD1121E20E2E30059BD18 /* Assets.xcassets in Resources */ = {isa = PBXBuildFile; fileRef = FF0FD1111E20E2E30059BD18 /* Assets.xcassets */; };
		FF0FD1151E20E2E30059BD18 /* LaunchScreen.storyboard in Resources */ = {isa = PBXBuildFile; fileRef = FF0FD1131E20E2E30059BD18 /* LaunchScreen.storyboard */; };
/* End PBXBuildFile section */

/* Begin PBXFileReference section */
		71B78E57AD6AFA4914B69A90 /* Pods-BaseKit.debug.xcconfig */ = {isa = PBXFileReference; includeInIndex = 1; lastKnownFileType = text.xcconfig; name = "Pods-BaseKit.debug.xcconfig"; path = "Pods/Target Support Files/Pods-BaseKit/Pods-BaseKit.debug.xcconfig"; sourceTree = "<group>"; };
		9032EF4749E2AB07AF72BD98 /* libPods-BaseKit.a */ = {isa = PBXFileReference; explicitFileType = archive.ar; includeInIndex = 0; path = "libPods-BaseKit.a"; sourceTree = BUILT_PRODUCTS_DIR; };
		D50953DAA1742D1A4EF746C9 /* Pods-BaseKit.release.xcconfig */ = {isa = PBXFileReference; includeInIndex = 1; lastKnownFileType = text.xcconfig; name = "Pods-BaseKit.release.xcconfig"; path = "Pods/Target Support Files/Pods-BaseKit/Pods-BaseKit.release.xcconfig"; sourceTree = "<group>"; };
		FF0FD1021E20E2E30059BD18 /* BaseKit.app */ = {isa = PBXFileReference; explicitFileType = wrapper.application; includeInIndex = 0; path = BaseKit.app; sourceTree = BUILT_PRODUCTS_DIR; };
		FF0FD1061E20E2E30059BD18 /* main.m */ = {isa = PBXFileReference; lastKnownFileType = sourcecode.c.objc; path = main.m; sourceTree = "<group>"; };
		FF0FD1081E20E2E30059BD18 /* AppDelegate.h */ = {isa = PBXFileReference; lastKnownFileType = sourcecode.c.h; path = AppDelegate.h; sourceTree = "<group>"; };
		FF0FD1091E20E2E30059BD18 /* AppDelegate.m */ = {isa = PBXFileReference; lastKnownFileType = sourcecode.c.objc; path = AppDelegate.m; sourceTree = "<group>"; };
		FF0FD10B1E20E2E30059BD18 /* ViewController.h */ = {isa = PBXFileReference; lastKnownFileType = sourcecode.c.h; path = ViewController.h; sourceTree = "<group>"; };
		FF0FD10C1E20E2E30059BD18 /* ViewController.m */ = {isa = PBXFileReference; lastKnownFileType = sourcecode.c.objc; path = ViewController.m; sourceTree = "<group>"; };
		FF0FD10F1E20E2E30059BD18 /* Base */ = {isa = PBXFileReference; lastKnownFileType = file.storyboard; name = Base; path = Base.lproj/Main.storyboard; sourceTree = "<group>"; };
		FF0FD1111E20E2E30059BD18 /* Assets.xcassets */ = {isa = PBXFileReference; lastKnownFileType = folder.assetcatalog; path = Assets.xcassets; sourceTree = "<group>"; };
		FF0FD1141E20E2E30059BD18 /* Base */ = {isa = PBXFileReference; lastKnownFileType = file.storyboard; name = Base; path = Base.lproj/LaunchScreen.storyboard; sourceTree = "<group>"; };
		FF0FD1161E20E2E30059BD18 /* Info.plist */ = {isa = PBXFileReference; lastKnownFileType = text.plist.xml; path = Info.plist; sourceTree = "<group>"; };
/* End PBXFileReference section */

/* Begin PBXFrameworksBuildPhase section */
		FF0FD0FF1E20E2E30059BD18 /* Frameworks */ = {
			isa = PBXFrameworksBuildPhase;
			buildActionMask = 2147483647;
			files = (
				4C0EBB07A3220E2BA2066464 /* libPods-BaseKit.a in Frameworks */,
			);
			runOnlyForDeploymentPostprocessing = 0;
		};
/* End PBXFrameworksBuildPhase section */

/* Begin PBXGroup section */
		2386F8047FC243F2DE89B6CF /* Pods */ = {
			isa = PBXGroup;
			children = (
				71B78E57AD6AFA4914B69A90 /* Pods-BaseKit.debug.xcconfig */,
				D50953DAA1742D1A4EF746C9 /* Pods-BaseKit.release.xcconfig */,
			);
			name = Pods;
			sourceTree = "<group>";
		};
		832D1CEF4467D4D39CD8C723 /* Frameworks */ = {
			isa = PBXGroup;
			children = (
				9032EF4749E2AB07AF72BD98 /* libPods-BaseKit.a */,
			);
			name = Frameworks;
			sourceTree = "<group>";
		};
		FF0FD0F91E20E2E30059BD18 = {
			isa = PBXGroup;
			children = (
				FF0FD1041E20E2E30059BD18 /* BaseKit */,
				FF0FD1031E20E2E30059BD18 /* Products */,
				2386F8047FC243F2DE89B6CF /* Pods */,
				832D1CEF4467D4D39CD8C723 /* Frameworks */,
			);
			sourceTree = "<group>";
		};
		FF0FD1031E20E2E30059BD18 /* Products */ = {
			isa = PBXGroup;
			children = (
				FF0FD1021E20E2E30059BD18 /* BaseKit.app */,
			);
			name = Products;
			sourceTree = "<group>";
		};
		FF0FD1041E20E2E30059BD18 /* BaseKit */ = {
			isa = PBXGroup;
			children = (
				FF0FD1081E20E2E30059BD18 /* AppDelegate.h */,
				FF0FD1091E20E2E30059BD18 /* AppDelegate.m */,
				FF0FD10B1E20E2E30059BD18 /* ViewController.h */,
				FF0FD10C1E20E2E30059BD18 /* ViewController.m */,
				FF0FD10E1E20E2E30059BD18 /* Main.storyboard */,
				FF0FD1111E20E2E30059BD18 /* Assets.xcassets */,
				FF0FD1131E20E2E30059BD18 /* LaunchScreen.storyboard */,
				FF0FD1161E20E2E30059BD18 /* Info.plist */,
				FF0FD1051E20E2E30059BD18 /* Supporting Files */,
			);
			path = BaseKit;
			sourceTree = "<group>";
		};
		FF0FD1051E20E2E30059BD18 /* Supporting Files */ = {
			isa = PBXGroup;
			children = (
				FF0FD1061E20E2E30059BD18 /* main.m */,
			);
			name = "Supporting Files";
			sourceTree = "<group>";
		};
/* End PBXGroup section */

/* Begin PBXNativeTarget section */
		FF0FD1011E20E2E30059BD18 /* BaseKit */ = {
			isa = PBXNativeTarget;
			buildConfigurationList = FF0FD1191E20E2E30059BD18 /* Build configuration list for PBXNativeTarget "BaseKit" */;
			buildPhases = (
				2293DE43E631036E0F5A2D40 /* [CP] Check Pods Manifest.lock */,
				FF0FD0FE1E20E2E30059BD18 /* Sources */,
				FF0FD0FF1E20E2E30059BD18 /* Frameworks */,
				FF0FD1001E20E2E30059BD18 /* Resources */,
				72E2638FA7CF2AB422BCA353 /* [CP] Embed Pods Frameworks */,
				6692CD20417BB62008214DC9 /* [CP] Copy Pods Resources */,
			);
			buildRules = (
			);
			dependencies = (
			);
			name = BaseKit;
			productName = BaseKit;
			productReference = FF0FD1021E20E2E30059BD18 /* BaseKit.app */;
			productType = "com.apple.product-type.application";
		};
/* End PBXNativeTarget section */

/* Begin PBXProject section */
		FF0FD0FA1E20E2E30059BD18 /* Project object */ = {
			isa = PBXProject;
			attributes = {
				LastUpgradeCheck = 0800;
				ORGANIZATIONNAME = "燊燊科技公司";
				TargetAttributes = {
					FF0FD1011E20E2E30059BD18 = {
						CreatedOnToolsVersion = 8.0;
						ProvisioningStyle = Automatic;
					};
				};
			};
			buildConfigurationList = FF0FD0FD1E20E2E30059BD18 /* Build configuration list for PBXProject "BaseKit" */;
			compatibilityVersion = "Xcode 3.2";
			developmentRegion = English;
			hasScannedForEncodings = 0;
			knownRegions = (
				en,
				Base,
			);
			mainGroup = FF0FD0F91E20E2E30059BD18;
			productRefGroup = FF0FD1031E20E2E30059BD18 /* Products */;
			projectDirPath = "";
			projectRoot = "";
			targets = (
				FF0FD1011E20E2E30059BD18 /* BaseKit */,
			);
		};
/* End PBXProject section */

/* Begin PBXResourcesBuildPhase section */
		FF0FD1001E20E2E30059BD18 /* Resources */ = {
			isa = PBXResourcesBuildPhase;
			buildActionMask = 2147483647;
			files = (
				FF0FD1151E20E2E30059BD18 /* LaunchScreen.storyboard in Resources */,
				FF0FD1121E20E2E30059BD18 /* Assets.xcassets in Resources */,
				FF0FD1101E20E2E30059BD18 /* Main.storyboard in Resources */,
			);
			runOnlyForDeploymentPostprocessing = 0;
		};
/* End PBXResourcesBuildPhase section */

/* Begin PBXShellScriptBuildPhase section */
		2293DE43E631036E0F5A2D40 /* [CP] Check Pods Manifest.lock */ = {
			isa = PBXShellScriptBuildPhase;
			buildActionMask = 2147483647;
			files = (
			);
			inputPaths = (
			);
			name = "[CP] Check Pods Manifest.lock";
			outputPaths = (
			);
			runOnlyForDeploymentPostprocessing = 0;
			shellPath = /bin/sh;
			shellScript = "diff \"${PODS_ROOT}/../Podfile.lock\" \"${PODS_ROOT}/Manifest.lock\" > /dev/null\nif [ $? != 0 ] ; then\n    # print error to STDERR\n    echo \"error: The sandbox is not in sync with the Podfile.lock. Run 'pod install' or update your CocoaPods installation.\" >&2\n    exit 1\nfi\n";
			showEnvVarsInLog = 0;
		};
		6692CD20417BB62008214DC9 /* [CP] Copy Pods Resources */ = {
			isa = PBXShellScriptBuildPhase;
			buildActionMask = 2147483647;
			files = (
			);
			inputPaths = (
			);
			name = "[CP] Copy Pods Resources";
			outputPaths = (
			);
			runOnlyForDeploymentPostprocessing = 0;
			shellPath = /bin/sh;
			shellScript = "\"${SRCROOT}/Pods/Target Support Files/Pods-BaseKit/Pods-BaseKit-resources.sh\"\n";
			showEnvVarsInLog = 0;
		};
		72E2638FA7CF2AB422BCA353 /* [CP] Embed Pods Frameworks */ = {
			isa = PBXShellScriptBuildPhase;
			buildActionMask = 2147483647;
			files = (
			);
			inputPaths = (
			);
			name = "[CP] Embed Pods Frameworks";
			outputPaths = (
			);
			runOnlyForDeploymentPostprocessing = 0;
			shellPath = /bin/sh;
			shellScript = "\"${SRCROOT}/Pods/Target Support Files/Pods-BaseKit/Pods-BaseKit-frameworks.sh\"\n";
			showEnvVarsInLog = 0;
		};
/* End PBXShellScriptBuildPhase section */

/* Begin PBXSourcesBuildPhase section */
		FF0FD0FE1E20E2E30059BD18 /* Sources */ = {
			isa = PBXSourcesBuildPhase;
			buildActionMask = 2147483647;
			files = (
				FF0FD10D1E20E2E30059BD18 /* ViewController.m in Sources */,
				FF0FD10A1E20E2E30059BD18 /* AppDelegate.m in Sources */,
				FF0FD1071E20E2E30059BD18 /* main.m in Sources */,
			);
			runOnlyForDeploymentPostprocessing = 0;
		};
/* End PBXSourcesBuildPhase section */

/* Begin PBXVariantGroup section */
		FF0FD10E1E20E2E30059BD18 /* Main.storyboard */ = {
			isa = PBXVariantGroup;
			children = (
				FF0FD10F1E20E2E30059BD18 /* Base */,
			);
			name = Main.storyboard;
			sourceTree = "<group>";
		};
		FF0FD1131E20E2E30059BD18 /* LaunchScreen.storyboard */ = {
			isa = PBXVariantGroup;
			children = (
				FF0FD1141E20E2E30059BD18 /* Base */,
			);
			name = LaunchScreen.storyboard;
			sourceTree = "<group>";
		};
/* End PBXVariantGroup section */

/* Begin XCBuildConfiguration section */
		FF0FD1171E20E2E30059BD18 /* Debug */ = {
			isa = XCBuildConfiguration;
			buildSettings = {
				ALWAYS_SEARCH_USER_PATHS = NO;
				CLANG_ANALYZER_NONNULL = YES;
				CLANG_CXX_LANGUAGE_STANDARD = "gnu++0x";
				CLANG_CXX_LIBRARY = "libc++";
				CLANG_ENABLE_MODULES = YES;
				CLANG_ENABLE_OBJC_ARC = YES;
				CLANG_WARN_BOOL_CONVERSION = YES;
				CLANG_WARN_CONSTANT_CONVERSION = YES;
				CLANG_WARN_DIRECT_OBJC_ISA_USAGE = YES_ERROR;
				CLANG_WARN_DOCUMENTATION_COMMENTS = YES;
				CLANG_WARN_EMPTY_BODY = YES;
				CLANG_WARN_ENUM_CONVERSION = YES;
				CLANG_WARN_INFINITE_RECURSION = YES;
				CLANG_WARN_INT_CONVERSION = YES;
				CLANG_WARN_OBJC_ROOT_CLASS = YES_ERROR;
				CLANG_WARN_SUSPICIOUS_MOVES = YES;
				CLANG_WARN_UNREACHABLE_CODE = YES;
				CLANG_WARN__DUPLICATE_METHOD_MATCH = YES;
				"CODE_SIGN_IDENTITY[sdk=iphoneos*]" = "iPhone Developer";
				COPY_PHASE_STRIP = NO;
				DEBUG_INFORMATION_FORMAT = dwarf;
				ENABLE_STRICT_OBJC_MSGSEND = YES;
				ENABLE_TESTABILITY = YES;
				GCC_C_LANGUAGE_STANDARD = gnu99;
				GCC_DYNAMIC_NO_PIC = NO;
				GCC_NO_COMMON_BLOCKS = YES;
				GCC_OPTIMIZATION_LEVEL = 0;
				GCC_PREPROCESSOR_DEFINITIONS = (
					"DEBUG=1",
					"$(inherited)",
				);
				GCC_WARN_64_TO_32_BIT_CONVERSION = YES;
				GCC_WARN_ABOUT_RETURN_TYPE = YES_ERROR;
				GCC_WARN_UNDECLARED_SELECTOR = YES;
				GCC_WARN_UNINITIALIZED_AUTOS = YES_AGGRESSIVE;
				GCC_WARN_UNUSED_FUNCTION = YES;
				GCC_WARN_UNUSED_VARIABLE = YES;
				IPHONEOS_DEPLOYMENT_TARGET = 10.0;
				MTL_ENABLE_DEBUG_INFO = YES;
				ONLY_ACTIVE_ARCH = YES;
				SDKROOT = iphoneos;
				TARGETED_DEVICE_FAMILY = "1,2";
			};
			name = Debug;
		};
		FF0FD1181E20E2E30059BD18 /* Release */ = {
			isa = XCBuildConfiguration;
			buildSettings = {
				ALWAYS_SEARCH_USER_PATHS = NO;
				CLANG_ANALYZER_NONNULL = YES;
				CLANG_CXX_LANGUAGE_STANDARD = "gnu++0x";
				CLANG_CXX_LIBRARY = "libc++";
				CLANG_ENABLE_MODULES = YES;
				CLANG_ENABLE_OBJC_ARC = YES;
				CLANG_WARN_BOOL_CONVERSION = YES;
				CLANG_WARN_CONSTANT_CONVERSION = YES;
				CLANG_WARN_DIRECT_OBJC_ISA_USAGE = YES_ERROR;
				CLANG_WARN_DOCUMENTATION_COMMENTS = YES;
				CLANG_WARN_EMPTY_BODY = YES;
				CLANG_WARN_ENUM_CONVERSION = YES;
				CLANG_WARN_INFINITE_RECURSION = YES;
				CLANG_WARN_INT_CONVERSION = YES;
				CLANG_WARN_OBJC_ROOT_CLASS = YES_ERROR;
				CLANG_WARN_SUSPICIOUS_MOVES = YES;
				CLANG_WARN_UNREACHABLE_CODE = YES;
				CLANG_WARN__DUPLICATE_METHOD_MATCH = YES;
				"CODE_SIGN_IDENTITY[sdk=iphoneos*]" = "iPhone Developer";
				COPY_PHASE_STRIP = NO;
				DEBUG_INFORMATION_FORMAT = "dwarf-with-dsym";
				ENABLE_NS_ASSERTIONS = NO;
				ENABLE_STRICT_OBJC_MSGSEND = YES;
				GCC_C_LANGUAGE_STANDARD = gnu99;
				GCC_NO_COMMON_BLOCKS = YES;
				GCC_WARN_64_TO_32_BIT_CONVERSION = YES;
				GCC_WARN_ABOUT_RETURN_TYPE = YES_ERROR;
				GCC_WARN_UNDECLARED_SELECTOR = YES;
				GCC_WARN_UNINITIALIZED_AUTOS = YES_AGGRESSIVE;
				GCC_WARN_UNUSED_FUNCTION = YES;
				GCC_WARN_UNUSED_VARIABLE = YES;
				IPHONEOS_DEPLOYMENT_TARGET = 10.0;
				MTL_ENABLE_DEBUG_INFO = NO;
				SDKROOT = iphoneos;
				TARGETED_DEVICE_FAMILY = "1,2";
				VALIDATE_PRODUCT = YES;
			};
			name = Release;
		};
		FF0FD11A1E20E2E30059BD18 /* Debug */ = {
			isa = XCBuildConfiguration;
			baseConfigurationReference = 71B78E57AD6AFA4914B69A90 /* Pods-BaseKit.debug.xcconfig */;
			buildSettings = {
				ASSETCATALOG_COMPILER_APPICON_NAME = AppIcon;
				INFOPLIST_FILE = BaseKit/Info.plist;
				LD_RUNPATH_SEARCH_PATHS = "$(inherited) @executable_path/Frameworks";
				PRODUCT_BUNDLE_IDENTIFIER = www.shenshen.com.Im.BaseKit;
				PRODUCT_NAME = "$(TARGET_NAME)";
			};
			name = Debug;
		};
		FF0FD11B1E20E2E30059BD18 /* Release */ = {
			isa = XCBuildConfiguration;
			baseConfigurationReference = D50953DAA1742D1A4EF746C9 /* Pods-BaseKit.release.xcconfig */;
			buildSettings = {
				ASSETCATALOG_COMPILER_APPICON_NAME = AppIcon;
				INFOPLIST_FILE = BaseKit/Info.plist;
				LD_RUNPATH_SEARCH_PATHS = "$(inherited) @executable_path/Frameworks";
				PRODUCT_BUNDLE_IDENTIFIER = www.shenshen.com.Im.BaseKit;
				PRODUCT_NAME = "$(TARGET_NAME)";
			};
			name = Release;
		};
/* End XCBuildConfiguration section */

/* Begin XCConfigurationList section */
		FF0FD0FD1E20E2E30059BD18 /* Build configuration list for PBXProject "BaseKit" */ = {
			isa = XCConfigurationList;
			buildConfigurations = (
				FF0FD1171E20E2E30059BD18 /* Debug */,
				FF0FD1181E20E2E30059BD18 /* Release */,
			);
			defaultConfigurationIsVisible = 0;
			defaultConfigurationName = Release;
		};
		FF0FD1191E20E2E30059BD18 /* Build configuration list for PBXNativeTarget "BaseKit" */ = {
			isa = XCConfigurationList;
			buildConfigurations = (
				FF0FD11A1E20E2E30059BD18 /* Debug */,
				FF0FD11B1E20E2E30059BD18 /* Release */,
			);
			defaultConfigurationIsVisible = 0;
			defaultConfigurationName = Release;
		};
/* End XCConfigurationList section */
	};
	rootObject = FF0FD0FA1E20E2E30059BD18 /* Project object */;
}
